// !$*UTF8*$!
{
	archiveVersion = 1;
	classes = {
	};
	objectVersion = 46;
	objects = {

/* Begin PBXBuildFile section */
		FCFCF2C51659EF8F00820F95 /* UIKit.framework in Frameworks */ = {isa = PBXBuildFile; fileRef = FCFCF2C41659EF8F00820F95 /* UIKit.framework */; };
		FCFCF2C71659EF8F00820F95 /* Foundation.framework in Frameworks */ = {isa = PBXBuildFile; fileRef = FCFCF2C61659EF8F00820F95 /* Foundation.framework */; };
		FCFCF2C91659EF8F00820F95 /* CoreGraphics.framework in Frameworks */ = {isa = PBXBuildFile; fileRef = FCFCF2C81659EF8F00820F95 /* CoreGraphics.framework */; };
		FCFCF2CF1659EF8F00820F95 /* InfoPlist.strings in Resources */ = {isa = PBXBuildFile; fileRef = FCFCF2CD1659EF8F00820F95 /* InfoPlist.strings */; };
		FCFCF2D11659EF8F00820F95 /* main.m in Sources */ = {isa = PBXBuildFile; fileRef = FCFCF2D01659EF8F00820F95 /* main.m */; };
		FCFCF2D51659EF8F00820F95 /* AppDelegate.m in Sources */ = {isa = PBXBuildFile; fileRef = FCFCF2D41659EF8F00820F95 /* AppDelegate.m */; };
		FCFCF2D71659EF8F00820F95 /* Default.png in Resources */ = {isa = PBXBuildFile; fileRef = FCFCF2D61659EF8F00820F95 /* Default.png */; };
		FCFCF2D91659EF8F00820F95 /* Default@2x.png in Resources */ = {isa = PBXBuildFile; fileRef = FCFCF2D81659EF8F00820F95 /* Default@2x.png */; };
		FCFCF2DB1659EF8F00820F95 /* Default-568h@2x.png in Resources */ = {isa = PBXBuildFile; fileRef = FCFCF2DA1659EF8F00820F95 /* Default-568h@2x.png */; };
		FCFCF2E41659EFD400820F95 /* YKSlideNavigationController.m in Sources */ = {isa = PBXBuildFile; fileRef = FCFCF2E31659EFD400820F95 /* YKSlideNavigationController.m */; };
		FCFCF2E71659F17000820F95 /* PageOneViewController.m in Sources */ = {isa = PBXBuildFile; fileRef = FCFCF2E61659F17000820F95 /* PageOneViewController.m */; };
		FCFCF2EA1659F17900820F95 /* PageTwoViewController.m in Sources */ = {isa = PBXBuildFile; fileRef = FCFCF2E91659F17900820F95 /* PageTwoViewController.m */; };
		FCFCF2ED1659F18B00820F95 /* MenuViewController.m in Sources */ = {isa = PBXBuildFile; fileRef = FCFCF2EC1659F18B00820F95 /* MenuViewController.m */; };
/* End PBXBuildFile section */

/* Begin PBXFileReference section */
		FCFCF2C01659EF8F00820F95 /* YKSlideNavigationDemo.app */ = {isa = PBXFileReference; explicitFileType = wrapper.application; includeInIndex = 0; path = YKSlideNavigationDemo.app; sourceTree = BUILT_PRODUCTS_DIR; };
		FCFCF2C41659EF8F00820F95 /* UIKit.framework */ = {isa = PBXFileReference; lastKnownFileType = wrapper.framework; name = UIKit.framework; path = System/Library/Frameworks/UIKit.framework; sourceTree = SDKROOT; };
		FCFCF2C61659EF8F00820F95 /* Foundation.framework */ = {isa = PBXFileReference; lastKnownFileType = wrapper.framework; name = Foundation.framework; path = System/Library/Frameworks/Foundation.framework; sourceTree = SDKROOT; };
		FCFCF2C81659EF8F00820F95 /* CoreGraphics.framework */ = {isa = PBXFileReference; lastKnownFileType = wrapper.framework; name = CoreGraphics.framework; path = System/Library/Frameworks/CoreGraphics.framework; sourceTree = SDKROOT; };
		FCFCF2CC1659EF8F00820F95 /* YKSlideNavigationDemo-Info.plist */ = {isa = PBXFileReference; lastKnownFileType = text.plist.xml; path = "YKSlideNavigationDemo-Info.plist"; sourceTree = "<group>"; };
		FCFCF2CE1659EF8F00820F95 /* en */ = {isa = PBXFileReference; lastKnownFileType = text.plist.strings; name = en; path = en.lproj/InfoPlist.strings; sourceTree = "<group>"; };
		FCFCF2D01659EF8F00820F95 /* main.m */ = {isa = PBXFileReference; lastKnownFileType = sourcecode.c.objc; path = main.m; sourceTree = "<group>"; };
		FCFCF2D21659EF8F00820F95 /* YKSlideNavigationDemo-Prefix.pch */ = {isa = PBXFileReference; lastKnownFileType = sourcecode.c.h; path = "YKSlideNavigationDemo-Prefix.pch"; sourceTree = "<group>"; };
		FCFCF2D31659EF8F00820F95 /* AppDelegate.h */ = {isa = PBXFileReference; lastKnownFileType = sourcecode.c.h; path = AppDelegate.h; sourceTree = "<group>"; };
		FCFCF2D41659EF8F00820F95 /* AppDelegate.m */ = {isa = PBXFileReference; lastKnownFileType = sourcecode.c.objc; path = AppDelegate.m; sourceTree = "<group>"; };
		FCFCF2D61659EF8F00820F95 /* Default.png */ = {isa = PBXFileReference; lastKnownFileType = image.png; path = Default.png; sourceTree = "<group>"; };
		FCFCF2D81659EF8F00820F95 /* Default@2x.png */ = {isa = PBXFileReference; lastKnownFileType = image.png; path = "Default@2x.png"; sourceTree = "<group>"; };
		FCFCF2DA1659EF8F00820F95 /* Default-568h@2x.png */ = {isa = PBXFileReference; lastKnownFileType = image.png; path = "Default-568h@2x.png"; sourceTree = "<group>"; };
		FCFCF2E21659EFD400820F95 /* YKSlideNavigationController.h */ = {isa = PBXFileReference; fileEncoding = 4; lastKnownFileType = sourcecode.c.h; name = YKSlideNavigationController.h; path = YKSlideNavigation/YKSlideNavigationController.h; sourceTree = "<group>"; };
		FCFCF2E31659EFD400820F95 /* YKSlideNavigationController.m */ = {isa = PBXFileReference; fileEncoding = 4; lastKnownFileType = sourcecode.c.objc; name = YKSlideNavigationController.m; path = YKSlideNavigation/YKSlideNavigationController.m; sourceTree = "<group>"; };
		FCFCF2E51659F17000820F95 /* PageOneViewController.h */ = {isa = PBXFileReference; fileEncoding = 4; lastKnownFileType = sourcecode.c.h; path = PageOneViewController.h; sourceTree = "<group>"; };
		FCFCF2E61659F17000820F95 /* PageOneViewController.m */ = {isa = PBXFileReference; fileEncoding = 4; lastKnownFileType = sourcecode.c.objc; path = PageOneViewController.m; sourceTree = "<group>"; };
		FCFCF2E81659F17900820F95 /* PageTwoViewController.h */ = {isa = PBXFileReference; fileEncoding = 4; lastKnownFileType = sourcecode.c.h; path = PageTwoViewController.h; sourceTree = "<group>"; };
		FCFCF2E91659F17900820F95 /* PageTwoViewController.m */ = {isa = PBXFileReference; fileEncoding = 4; lastKnownFileType = sourcecode.c.objc; path = PageTwoViewController.m; sourceTree = "<group>"; };
		FCFCF2EB1659F18A00820F95 /* MenuViewController.h */ = {isa = PBXFileReference; fileEncoding = 4; lastKnownFileType = sourcecode.c.h; path = MenuViewController.h; sourceTree = "<group>"; };
		FCFCF2EC1659F18B00820F95 /* MenuViewController.m */ = {isa = PBXFileReference; fileEncoding = 4; lastKnownFileType = sourcecode.c.objc; path = MenuViewController.m; sourceTree = "<group>"; };
/* End PBXFileReference section */

/* Begin PBXFrameworksBuildPhase section */
		FCFCF2BD1659EF8F00820F95 /* Frameworks */ = {
			isa = PBXFrameworksBuildPhase;
			buildActionMask = 2147483647;
			files = (
				FCFCF2C51659EF8F00820F95 /* UIKit.framework in Frameworks */,
				FCFCF2C71659EF8F00820F95 /* Foundation.framework in Frameworks */,
				FCFCF2C91659EF8F00820F95 /* CoreGraphics.framework in Frameworks */,
			);
			runOnlyForDeploymentPostprocessing = 0;
		};
/* End PBXFrameworksBuildPhase section */

/* Begin PBXGroup section */
		FCFCF2B51659EF8F00820F95 = {
			isa = PBXGroup;
			children = (
				FCFCF2E11659EF9C00820F95 /* YKSlideNavigation */,
				FCFCF2CA1659EF8F00820F95 /* YKSlideNavigationDemo */,
				FCFCF2C31659EF8F00820F95 /* Frameworks */,
				FCFCF2C11659EF8F00820F95 /* Products */,
			);
			sourceTree = "<group>";
		};
		FCFCF2C11659EF8F00820F95 /* Products */ = {
			isa = PBXGroup;
			children = (
				FCFCF2C01659EF8F00820F95 /* YKSlideNavigationDemo.app */,
			);
			name = Products;
			sourceTree = "<group>";
		};
		FCFCF2C31659EF8F00820F95 /* Frameworks */ = {
			isa = PBXGroup;
			children = (
				FCFCF2C41659EF8F00820F95 /* UIKit.framework */,
				FCFCF2C61659EF8F00820F95 /* Foundation.framework */,
				FCFCF2C81659EF8F00820F95 /* CoreGraphics.framework */,
			);
			name = Frameworks;
			sourceTree = "<group>";
		};
		FCFCF2CA1659EF8F00820F95 /* YKSlideNavigationDemo */ = {
			isa = PBXGroup;
			children = (
				FCFCF2CB1659EF8F00820F95 /* Supporting Files */,
				FCFCF2D31659EF8F00820F95 /* AppDelegate.h */,
				FCFCF2D41659EF8F00820F95 /* AppDelegate.m */,
				FCFCF2E51659F17000820F95 /* PageOneViewController.h */,
				FCFCF2E61659F17000820F95 /* PageOneViewController.m */,
				FCFCF2E81659F17900820F95 /* PageTwoViewController.h */,
				FCFCF2E91659F17900820F95 /* PageTwoViewController.m */,
				FCFCF2EB1659F18A00820F95 /* MenuViewController.h */,
				FCFCF2EC1659F18B00820F95 /* MenuViewController.m */,
			);
			path = YKSlideNavigationDemo;
			sourceTree = "<group>";
		};
		FCFCF2CB1659EF8F00820F95 /* Supporting Files */ = {
			isa = PBXGroup;
			children = (
				FCFCF2CC1659EF8F00820F95 /* YKSlideNavigationDemo-Info.plist */,
				FCFCF2CD1659EF8F00820F95 /* InfoPlist.strings */,
				FCFCF2D01659EF8F00820F95 /* main.m */,
				FCFCF2D21659EF8F00820F95 /* YKSlideNavigationDemo-Prefix.pch */,
				FCFCF2D61659EF8F00820F95 /* Default.png */,
				FCFCF2D81659EF8F00820F95 /* Default@2x.png */,
				FCFCF2DA1659EF8F00820F95 /* Default-568h@2x.png */,
			);
			name = "Supporting Files";
			sourceTree = "<group>";
		};
		FCFCF2E11659EF9C00820F95 /* YKSlideNavigation */ = {
			isa = PBXGroup;
			children = (
				FCFCF2E21659EFD400820F95 /* YKSlideNavigationController.h */,
				FCFCF2E31659EFD400820F95 /* YKSlideNavigationController.m */,
			);
			name = YKSlideNavigation;
			sourceTree = "<group>";
		};
/* End PBXGroup section */

/* Begin PBXNativeTarget section */
		FCFCF2BF1659EF8F00820F95 /* YKSlideNavigationDemo */ = {
			isa = PBXNativeTarget;
			buildConfigurationList = FCFCF2DE1659EF8F00820F95 /* Build configuration list for PBXNativeTarget "YKSlideNavigationDemo" */;
			buildPhases = (
				FCFCF2BC1659EF8F00820F95 /* Sources */,
				FCFCF2BD1659EF8F00820F95 /* Frameworks */,
				FCFCF2BE1659EF8F00820F95 /* Resources */,
			);
			buildRules = (
			);
			dependencies = (
			);
			name = YKSlideNavigationDemo;
			productName = YKSlideNavigationDemo;
			productReference = FCFCF2C01659EF8F00820F95 /* YKSlideNavigationDemo.app */;
			productType = "com.apple.product-type.application";
		};
/* End PBXNativeTarget section */

/* Begin PBXProject section */
		FCFCF2B71659EF8F00820F95 /* Project object */ = {
			isa = PBXProject;
			attributes = {
				LastUpgradeCheck = 0450;
				ORGANIZATIONNAME = "Yoshiki Kurihara";
			};
			buildConfigurationList = FCFCF2BA1659EF8F00820F95 /* Build configuration list for PBXProject "YKSlideNavigationDemo" */;
			compatibilityVersion = "Xcode 3.2";
			developmentRegion = English;
			hasScannedForEncodings = 0;
			knownRegions = (
				en,
			);
			mainGroup = FCFCF2B51659EF8F00820F95;
			productRefGroup = FCFCF2C11659EF8F00820F95 /* Products */;
			projectDirPath = "";
			projectRoot = "";
			targets = (
				FCFCF2BF1659EF8F00820F95 /* YKSlideNavigationDemo */,
			);
		};
/* End PBXProject section */

/* Begin PBXResourcesBuildPhase section */
		FCFCF2BE1659EF8F00820F95 /* Resources */ = {
			isa = PBXResourcesBuildPhase;
			buildActionMask = 2147483647;
			files = (
				FCFCF2CF1659EF8F00820F95 /* InfoPlist.strings in Resources */,
				FCFCF2D71659EF8F00820F95 /* Default.png in Resources */,
				FCFCF2D91659EF8F00820F95 /* Default@2x.png in Resources */,
				FCFCF2DB1659EF8F00820F95 /* Default-568h@2x.png in Resources */,
			);
			runOnlyForDeploymentPostprocessing = 0;
		};
/* End PBXResourcesBuildPhase section */

/* Begin PBXSourcesBuildPhase section */
		FCFCF2BC1659EF8F00820F95 /* Sources */ = {
			isa = PBXSourcesBuildPhase;
			buildActionMask = 2147483647;
			files = (
				FCFCF2D11659EF8F00820F95 /* main.m in Sources */,
				FCFCF2D51659EF8F00820F95 /* AppDelegate.m in Sources */,
				FCFCF2E41659EFD400820F95 /* YKSlideNavigationController.m in Sources */,
				FCFCF2E71659F17000820F95 /* PageOneViewController.m in Sources */,
				FCFCF2EA1659F17900820F95 /* PageTwoViewController.m in Sources */,
				FCFCF2ED1659F18B00820F95 /* MenuViewController.m in Sources */,
			);
			runOnlyForDeploymentPostprocessing = 0;
		};
/* End PBXSourcesBuildPhase section */

/* Begin PBXVariantGroup section */
		FCFCF2CD1659EF8F00820F95 /* InfoPlist.strings */ = {
			isa = PBXVariantGroup;
			children = (
				FCFCF2CE1659EF8F00820F95 /* en */,
			);
			name = InfoPlist.strings;
			sourceTree = "<group>";
		};
/* End PBXVariantGroup section */

/* Begin XCBuildConfiguration section */
		FCFCF2DC1659EF8F00820F95 /* Debug */ = {
			isa = XCBuildConfiguration;
			buildSettings = {
				ALWAYS_SEARCH_USER_PATHS = NO;
				CLANG_CXX_LANGUAGE_STANDARD = "gnu++0x";
				CLANG_CXX_LIBRARY = "libc++";
				CLANG_ENABLE_OBJC_ARC = YES;
				CLANG_WARN_EMPTY_BODY = YES;
				CLANG_WARN__DUPLICATE_METHOD_MATCH = YES;
				"CODE_SIGN_IDENTITY[sdk=iphoneos*]" = "iPhone Developer";
				COPY_PHASE_STRIP = NO;
				GCC_C_LANGUAGE_STANDARD = gnu99;
				GCC_DYNAMIC_NO_PIC = NO;
				GCC_OPTIMIZATION_LEVEL = 0;
				GCC_PREPROCESSOR_DEFINITIONS = (
					"DEBUG=1",
					"$(inherited)",
				);
				GCC_SYMBOLS_PRIVATE_EXTERN = NO;
				GCC_WARN_ABOUT_RETURN_TYPE = YES;
				GCC_WARN_UNINITIALIZED_AUTOS = YES;
				GCC_WARN_UNUSED_VARIABLE = YES;
				IPHONEOS_DEPLOYMENT_TARGET = 6.0;
				ONLY_ACTIVE_ARCH = YES;
				SDKROOT = iphoneos;
			};
			name = Debug;
		};
		FCFCF2DD1659EF8F00820F95 /* Release */ = {
			isa = XCBuildConfiguration;
			buildSettings = {
				ALWAYS_SEARCH_USER_PATHS = NO;
				CLANG_CXX_LANGUAGE_STANDARD = "gnu++0x";
				CLANG_CXX_LIBRARY = "libc++";
				CLANG_ENABLE_OBJC_ARC = YES;
				CLANG_WARN_EMPTY_BODY = YES;
				CLANG_WARN__DUPLICATE_METHOD_MATCH = YES;
				"CODE_SIGN_IDENTITY[sdk=iphoneos*]" = "iPhone Developer";
				COPY_PHASE_STRIP = YES;
				GCC_C_LANGUAGE_STANDARD = gnu99;
				GCC_WARN_ABOUT_RETURN_TYPE = YES;
				GCC_WARN_UNINITIALIZED_AUTOS = YES;
				GCC_WARN_UNUSED_VARIABLE = YES;
				IPHONEOS_DEPLOYMENT_TARGET = 6.0;
				OTHER_CFLAGS = "-DNS_BLOCK_ASSERTIONS=1";
				SDKROOT = iphoneos;
				VALIDATE_PRODUCT = YES;
			};
			name = Release;
		};
		FCFCF2DF1659EF8F00820F95 /* Debug */ = {
			isa = XCBuildConfiguration;
			buildSettings = {
				GCC_PRECOMPILE_PREFIX_HEADER = YES;
				GCC_PREFIX_HEADER = "YKSlideNavigationDemo/YKSlideNavigationDemo-Prefix.pch";
				INFOPLIST_FILE = "YKSlideNavigationDemo/YKSlideNavigationDemo-Info.plist";
				IPHONEOS_DEPLOYMENT_TARGET = 4.3;
				PRODUCT_NAME = "$(TARGET_NAME)";
				WRAPPER_EXTENSION = app;
			};
			name = Debug;
		};
		FCFCF2E01659EF8F00820F95 /* Release */ = {
			isa = XCBuildConfiguration;
			buildSettings = {
				GCC_PRECOMPILE_PREFIX_HEADER = YES;
				GCC_PREFIX_HEADER = "YKSlideNavigationDemo/YKSlideNavigationDemo-Prefix.pch";
				INFOPLIST_FILE = "YKSlideNavigationDemo/YKSlideNavigationDemo-Info.plist";
				IPHONEOS_DEPLOYMENT_TARGET = 4.3;
				PRODUCT_NAME = "$(TARGET_NAME)";
				WRAPPER_EXTENSION = app;
			};
			name = Release;
		};
/* End XCBuildConfiguration section */

/* Begin XCConfigurationList section */
		FCFCF2BA1659EF8F00820F95 /* Build configuration list for PBXProject "YKSlideNavigationDemo" */ = {
			isa = XCConfigurationList;
			buildConfigurations = (
				FCFCF2DC1659EF8F00820F95 /* Debug */,
				FCFCF2DD1659EF8F00820F95 /* Release */,
			);
			defaultConfigurationIsVisible = 0;
			defaultConfigurationName = Release;
		};
		FCFCF2DE1659EF8F00820F95 /* Build configuration list for PBXNativeTarget "YKSlideNavigationDemo" */ = {
			isa = XCConfigurationList;
			buildConfigurations = (
				FCFCF2DF1659EF8F00820F95 /* Debug */,
				FCFCF2E01659EF8F00820F95 /* Release */,
			);
			defaultConfigurationIsVisible = 0;
			defaultConfigurationName = Release;
		};
/* End XCConfigurationList section */
	};
	rootObject = FCFCF2B71659EF8F00820F95 /* Project object */;
}
